// !$*UTF8*$!
{
	archiveVersion = 1;
	classes = {
	};
	objectVersion = 51;
	objects = {

/* Begin PBXBuildFile section */
		3E48236B24F9A3E000A6E466 /* DataSource.swift in Sources */ = {isa = PBXBuildFile; fileRef = 3E48236A24F9A3DF00A6E466 /* DataSource.swift */; };
		3E48236D24F9A42300A6E466 /* RijksCell.swift in Sources */ = {isa = PBXBuildFile; fileRef = 3E48236C24F9A42300A6E466 /* RijksCell.swift */; };
		3E5FEBA324D9ED4000C238E5 /* NetworkHelper.swift in Sources */ = {isa = PBXBuildFile; fileRef = 3E5FEBA224D9ED3F00C238E5 /* NetworkHelper.swift */; };
		3E5FEBA524D9ED6400C238E5 /* AppError.swift in Sources */ = {isa = PBXBuildFile; fileRef = 3E5FEBA424D9ED6400C238E5 /* AppError.swift */; };
		3E5FEBA724DA00C800C238E5 /* RijksAPIClient.swift in Sources */ = {isa = PBXBuildFile; fileRef = 3E5FEBA624DA00C800C238E5 /* RijksAPIClient.swift */; };
		3E5FEBA924DA010700C238E5 /* TicketmasterAPIClient.swift in Sources */ = {isa = PBXBuildFile; fileRef = 3E5FEBA824DA010700C238E5 /* TicketmasterAPIClient.swift */; };
		3E5FEBAF24DBA78E00C238E5 /* Secrets.swift in Sources */ = {isa = PBXBuildFile; fileRef = 3E5FEBAE24DBA78E00C238E5 /* Secrets.swift */; };
		3E5FEBB124DCC5AB00C238E5 /* ArtObject.swift in Sources */ = {isa = PBXBuildFile; fileRef = 3E5FEBB024DCC5AB00C238E5 /* ArtObject.swift */; };
		3E5FEBB324DE0D8D00C238E5 /* Event.swift in Sources */ = {isa = PBXBuildFile; fileRef = 3E5FEBB224DE0D8D00C238E5 /* Event.swift */; };
		3E5FEBB624E77C8100C238E5 /* AuthSession.swift in Sources */ = {isa = PBXBuildFile; fileRef = 3E5FEBB524E77C8000C238E5 /* AuthSession.swift */; };
		3E5FEBB824E77CA800C238E5 /* DatabaseService.swift in Sources */ = {isa = PBXBuildFile; fileRef = 3E5FEBB724E77CA700C238E5 /* DatabaseService.swift */; };
		3E5FEBBA24E77CBC00C238E5 /* StorageService.swift in Sources */ = {isa = PBXBuildFile; fileRef = 3E5FEBB924E77CBC00C238E5 /* StorageService.swift */; };
		3E5FEBBC24E8A23600C238E5 /* User.swift in Sources */ = {isa = PBXBuildFile; fileRef = 3E5FEBBB24E8A23600C238E5 /* User.swift */; };
		3E5FEBBE24E8A30300C238E5 /* LoginView.swift in Sources */ = {isa = PBXBuildFile; fileRef = 3E5FEBBD24E8A30300C238E5 /* LoginView.swift */; };
		3E5FEBC024E8A79700C238E5 /* UserExperienceViewController.swift in Sources */ = {isa = PBXBuildFile; fileRef = 3E5FEBBF24E8A79700C238E5 /* UserExperienceViewController.swift */; };
		3E5FEBC224E8A7A700C238E5 /* MainTabBarController.swift in Sources */ = {isa = PBXBuildFile; fileRef = 3E5FEBC124E8A7A700C238E5 /* MainTabBarController.swift */; };
		3E5FEBC424E8A7C900C238E5 /* UserExperienceView.swift in Sources */ = {isa = PBXBuildFile; fileRef = 3E5FEBC324E8A7C900C238E5 /* UserExperienceView.swift */; };
		3E5FEBC624E8A7D400C238E5 /* MainTabBarView.swift in Sources */ = {isa = PBXBuildFile; fileRef = 3E5FEBC524E8A7D400C238E5 /* MainTabBarView.swift */; };
		3E5FEBC824E8A9DB00C238E5 /* UIViewController+Navigation.swift in Sources */ = {isa = PBXBuildFile; fileRef = 3E5FEBC724E8A9DB00C238E5 /* UIViewController+Navigation.swift */; };
		3E5FEBCA24E8AA3800C238E5 /* UIViewController+Alerts.swift in Sources */ = {isa = PBXBuildFile; fileRef = 3E5FEBC924E8AA3800C238E5 /* UIViewController+Alerts.swift */; };
		3E5FEBCC24E8AA5E00C238E5 /* Date+Extensions.swift in Sources */ = {isa = PBXBuildFile; fileRef = 3E5FEBCB24E8AA5E00C238E5 /* Date+Extensions.swift */; };
		3E6FB86824FC69B600B9B170 /* TicketMasterCell.swift in Sources */ = {isa = PBXBuildFile; fileRef = 3E6FB86724FC69B600B9B170 /* TicketMasterCell.swift */; };
		3E7D4A6C24F4834100FA6513 /* SettingsViewController.swift in Sources */ = {isa = PBXBuildFile; fileRef = 3E7D4A6B24F4834100FA6513 /* SettingsViewController.swift */; };
		3E7D4A9024F5DF7700FA6513 /* SearchViewController.swift in Sources */ = {isa = PBXBuildFile; fileRef = 3E7D4A8F24F5DF7700FA6513 /* SearchViewController.swift */; };
		3E7D4A9224F5DFBB00FA6513 /* FavoritesViewController.swift in Sources */ = {isa = PBXBuildFile; fileRef = 3E7D4A9124F5DFBB00FA6513 /* FavoritesViewController.swift */; };
		3E7D4A9424F5E44B00FA6513 /* SearchView.swift in Sources */ = {isa = PBXBuildFile; fileRef = 3E7D4A9324F5E44B00FA6513 /* SearchView.swift */; };
		3E7D4A9624F5E45B00FA6513 /* FavoritesView.swift in Sources */ = {isa = PBXBuildFile; fileRef = 3E7D4A9524F5E45B00FA6513 /* FavoritesView.swift */; };
		3E7D4A9824F5E47400FA6513 /* SettingsView.swift in Sources */ = {isa = PBXBuildFile; fileRef = 3E7D4A9724F5E47400FA6513 /* SettingsView.swift */; };
		3EAC89B824D25A6A004F8851 /* AppDelegate.swift in Sources */ = {isa = PBXBuildFile; fileRef = 3EAC89B724D25A6A004F8851 /* AppDelegate.swift */; };
		3EAC89BA24D25A6A004F8851 /* SceneDelegate.swift in Sources */ = {isa = PBXBuildFile; fileRef = 3EAC89B924D25A6A004F8851 /* SceneDelegate.swift */; };
		3EAC89BC24D25A6A004F8851 /* LoginViewController.swift in Sources */ = {isa = PBXBuildFile; fileRef = 3EAC89BB24D25A6A004F8851 /* LoginViewController.swift */; };
		3EAC89C124D25A6E004F8851 /* Assets.xcassets in Resources */ = {isa = PBXBuildFile; fileRef = 3EAC89C024D25A6E004F8851 /* Assets.xcassets */; };
		3EAC89C424D25A6E004F8851 /* LaunchScreen.storyboard in Resources */ = {isa = PBXBuildFile; fileRef = 3EAC89C224D25A6E004F8851 /* LaunchScreen.storyboard */; };
		3EAC89CF24D25A6E004F8851 /* ARTvelTests.swift in Sources */ = {isa = PBXBuildFile; fileRef = 3EAC89CE24D25A6E004F8851 /* ARTvelTests.swift */; };
		3EAC89DA24D396D4004F8851 /* GoogleService-Info.plist in Resources */ = {isa = PBXBuildFile; fileRef = 3EAC89D924D396D4004F8851 /* GoogleService-Info.plist */; };
		6BA7E1E53F02B4D6CD7977BB /* Pods_ARTvel.framework in Frameworks */ = {isa = PBXBuildFile; fileRef = 58A712C114DE23D499EC4094 /* Pods_ARTvel.framework */; };
		AABC872A2B84D356BA709D91 /* Pods_ARTvelTests.framework in Frameworks */ = {isa = PBXBuildFile; fileRef = 214DB67DFE01C555CABC8281 /* Pods_ARTvelTests.framework */; };
/* End PBXBuildFile section */

/* Begin PBXContainerItemProxy section */
		3EAC89CB24D25A6E004F8851 /* PBXContainerItemProxy */ = {
			isa = PBXContainerItemProxy;
			containerPortal = 3EAC89AC24D25A6A004F8851 /* Project object */;
			proxyType = 1;
			remoteGlobalIDString = 3EAC89B324D25A6A004F8851;
			remoteInfo = ARTvel;
		};
/* End PBXContainerItemProxy section */

/* Begin PBXFileReference section */
		030A3D03591BD013C3496F41 /* Pods-ARTvelTests.debug.xcconfig */ = {isa = PBXFileReference; includeInIndex = 1; lastKnownFileType = text.xcconfig; name = "Pods-ARTvelTests.debug.xcconfig"; path = "Target Support Files/Pods-ARTvelTests/Pods-ARTvelTests.debug.xcconfig"; sourceTree = "<group>"; };
		214DB67DFE01C555CABC8281 /* Pods_ARTvelTests.framework */ = {isa = PBXFileReference; explicitFileType = wrapper.framework; includeInIndex = 0; path = Pods_ARTvelTests.framework; sourceTree = BUILT_PRODUCTS_DIR; };
		3E48236A24F9A3DF00A6E466 /* DataSource.swift */ = {isa = PBXFileReference; lastKnownFileType = sourcecode.swift; path = DataSource.swift; sourceTree = "<group>"; };
		3E48236C24F9A42300A6E466 /* RijksCell.swift */ = {isa = PBXFileReference; lastKnownFileType = sourcecode.swift; path = RijksCell.swift; sourceTree = "<group>"; };
		3E5FEBA224D9ED3F00C238E5 /* NetworkHelper.swift */ = {isa = PBXFileReference; lastKnownFileType = sourcecode.swift; path = NetworkHelper.swift; sourceTree = "<group>"; };
		3E5FEBA424D9ED6400C238E5 /* AppError.swift */ = {isa = PBXFileReference; lastKnownFileType = sourcecode.swift; path = AppError.swift; sourceTree = "<group>"; };
		3E5FEBA624DA00C800C238E5 /* RijksAPIClient.swift */ = {isa = PBXFileReference; lastKnownFileType = sourcecode.swift; path = RijksAPIClient.swift; sourceTree = "<group>"; };
		3E5FEBA824DA010700C238E5 /* TicketmasterAPIClient.swift */ = {isa = PBXFileReference; lastKnownFileType = sourcecode.swift; path = TicketmasterAPIClient.swift; sourceTree = "<group>"; };
		3E5FEBAE24DBA78E00C238E5 /* Secrets.swift */ = {isa = PBXFileReference; lastKnownFileType = sourcecode.swift; path = Secrets.swift; sourceTree = "<group>"; };
		3E5FEBB024DCC5AB00C238E5 /* ArtObject.swift */ = {isa = PBXFileReference; lastKnownFileType = sourcecode.swift; path = ArtObject.swift; sourceTree = "<group>"; };
		3E5FEBB224DE0D8D00C238E5 /* Event.swift */ = {isa = PBXFileReference; lastKnownFileType = sourcecode.swift; path = Event.swift; sourceTree = "<group>"; };
		3E5FEBB524E77C8000C238E5 /* AuthSession.swift */ = {isa = PBXFileReference; lastKnownFileType = sourcecode.swift; path = AuthSession.swift; sourceTree = "<group>"; };
		3E5FEBB724E77CA700C238E5 /* DatabaseService.swift */ = {isa = PBXFileReference; lastKnownFileType = sourcecode.swift; path = DatabaseService.swift; sourceTree = "<group>"; };
		3E5FEBB924E77CBC00C238E5 /* StorageService.swift */ = {isa = PBXFileReference; lastKnownFileType = sourcecode.swift; path = StorageService.swift; sourceTree = "<group>"; };
		3E5FEBBB24E8A23600C238E5 /* User.swift */ = {isa = PBXFileReference; lastKnownFileType = sourcecode.swift; path = User.swift; sourceTree = "<group>"; };
		3E5FEBBD24E8A30300C238E5 /* LoginView.swift */ = {isa = PBXFileReference; lastKnownFileType = sourcecode.swift; path = LoginView.swift; sourceTree = "<group>"; };
		3E5FEBBF24E8A79700C238E5 /* UserExperienceViewController.swift */ = {isa = PBXFileReference; lastKnownFileType = sourcecode.swift; path = UserExperienceViewController.swift; sourceTree = "<group>"; };
		3E5FEBC124E8A7A700C238E5 /* MainTabBarController.swift */ = {isa = PBXFileReference; lastKnownFileType = sourcecode.swift; path = MainTabBarController.swift; sourceTree = "<group>"; };
		3E5FEBC324E8A7C900C238E5 /* UserExperienceView.swift */ = {isa = PBXFileReference; lastKnownFileType = sourcecode.swift; path = UserExperienceView.swift; sourceTree = "<group>"; };
		3E5FEBC524E8A7D400C238E5 /* MainTabBarView.swift */ = {isa = PBXFileReference; lastKnownFileType = sourcecode.swift; path = MainTabBarView.swift; sourceTree = "<group>"; };
		3E5FEBC724E8A9DB00C238E5 /* UIViewController+Navigation.swift */ = {isa = PBXFileReference; lastKnownFileType = sourcecode.swift; path = "UIViewController+Navigation.swift"; sourceTree = "<group>"; };
		3E5FEBC924E8AA3800C238E5 /* UIViewController+Alerts.swift */ = {isa = PBXFileReference; lastKnownFileType = sourcecode.swift; path = "UIViewController+Alerts.swift"; sourceTree = "<group>"; };
		3E5FEBCB24E8AA5E00C238E5 /* Date+Extensions.swift */ = {isa = PBXFileReference; lastKnownFileType = sourcecode.swift; path = "Date+Extensions.swift"; sourceTree = "<group>"; };
		3E6FB86724FC69B600B9B170 /* TicketMasterCell.swift */ = {isa = PBXFileReference; lastKnownFileType = sourcecode.swift; path = TicketMasterCell.swift; sourceTree = "<group>"; };
		3E7D4A6B24F4834100FA6513 /* SettingsViewController.swift */ = {isa = PBXFileReference; lastKnownFileType = sourcecode.swift; path = SettingsViewController.swift; sourceTree = "<group>"; };
		3E7D4A8F24F5DF7700FA6513 /* SearchViewController.swift */ = {isa = PBXFileReference; lastKnownFileType = sourcecode.swift; path = SearchViewController.swift; sourceTree = "<group>"; };
		3E7D4A9124F5DFBB00FA6513 /* FavoritesViewController.swift */ = {isa = PBXFileReference; lastKnownFileType = sourcecode.swift; path = FavoritesViewController.swift; sourceTree = "<group>"; };
		3E7D4A9324F5E44B00FA6513 /* SearchView.swift */ = {isa = PBXFileReference; lastKnownFileType = sourcecode.swift; path = SearchView.swift; sourceTree = "<group>"; };
		3E7D4A9524F5E45B00FA6513 /* FavoritesView.swift */ = {isa = PBXFileReference; lastKnownFileType = sourcecode.swift; path = FavoritesView.swift; sourceTree = "<group>"; };
		3E7D4A9724F5E47400FA6513 /* SettingsView.swift */ = {isa = PBXFileReference; lastKnownFileType = sourcecode.swift; path = SettingsView.swift; sourceTree = "<group>"; };
		3EAC89B424D25A6A004F8851 /* ARTvel.app */ = {isa = PBXFileReference; explicitFileType = wrapper.application; includeInIndex = 0; path = ARTvel.app; sourceTree = BUILT_PRODUCTS_DIR; };
		3EAC89B724D25A6A004F8851 /* AppDelegate.swift */ = {isa = PBXFileReference; lastKnownFileType = sourcecode.swift; path = AppDelegate.swift; sourceTree = "<group>"; };
		3EAC89B924D25A6A004F8851 /* SceneDelegate.swift */ = {isa = PBXFileReference; lastKnownFileType = sourcecode.swift; path = SceneDelegate.swift; sourceTree = "<group>"; };
		3EAC89BB24D25A6A004F8851 /* LoginViewController.swift */ = {isa = PBXFileReference; lastKnownFileType = sourcecode.swift; path = LoginViewController.swift; sourceTree = "<group>"; };
		3EAC89C024D25A6E004F8851 /* Assets.xcassets */ = {isa = PBXFileReference; lastKnownFileType = folder.assetcatalog; path = Assets.xcassets; sourceTree = "<group>"; };
		3EAC89C324D25A6E004F8851 /* Base */ = {isa = PBXFileReference; lastKnownFileType = file.storyboard; name = Base; path = Base.lproj/LaunchScreen.storyboard; sourceTree = "<group>"; };
		3EAC89C524D25A6E004F8851 /* Info.plist */ = {isa = PBXFileReference; lastKnownFileType = text.plist.xml; path = Info.plist; sourceTree = "<group>"; };
		3EAC89CA24D25A6E004F8851 /* ARTvelTests.xctest */ = {isa = PBXFileReference; explicitFileType = wrapper.cfbundle; includeInIndex = 0; path = ARTvelTests.xctest; sourceTree = BUILT_PRODUCTS_DIR; };
		3EAC89CE24D25A6E004F8851 /* ARTvelTests.swift */ = {isa = PBXFileReference; lastKnownFileType = sourcecode.swift; path = ARTvelTests.swift; sourceTree = "<group>"; };
		3EAC89D024D25A6E004F8851 /* Info.plist */ = {isa = PBXFileReference; lastKnownFileType = text.plist.xml; path = Info.plist; sourceTree = "<group>"; };
		3EAC89D924D396D4004F8851 /* GoogleService-Info.plist */ = {isa = PBXFileReference; fileEncoding = 4; lastKnownFileType = text.plist.xml; path = "GoogleService-Info.plist"; sourceTree = "<group>"; };
		58A712C114DE23D499EC4094 /* Pods_ARTvel.framework */ = {isa = PBXFileReference; explicitFileType = wrapper.framework; includeInIndex = 0; path = Pods_ARTvel.framework; sourceTree = BUILT_PRODUCTS_DIR; };
		81799FAC350360BE8D517FC0 /* Pods-ARTvelTests.release.xcconfig */ = {isa = PBXFileReference; includeInIndex = 1; lastKnownFileType = text.xcconfig; name = "Pods-ARTvelTests.release.xcconfig"; path = "Target Support Files/Pods-ARTvelTests/Pods-ARTvelTests.release.xcconfig"; sourceTree = "<group>"; };
		992AC40AEA0C2FE2D52EA19A /* Pods-ARTvel.release.xcconfig */ = {isa = PBXFileReference; includeInIndex = 1; lastKnownFileType = text.xcconfig; name = "Pods-ARTvel.release.xcconfig"; path = "Target Support Files/Pods-ARTvel/Pods-ARTvel.release.xcconfig"; sourceTree = "<group>"; };
		C74300E1E8C21ED31DBEE58E /* Pods-ARTvel.debug.xcconfig */ = {isa = PBXFileReference; includeInIndex = 1; lastKnownFileType = text.xcconfig; name = "Pods-ARTvel.debug.xcconfig"; path = "Target Support Files/Pods-ARTvel/Pods-ARTvel.debug.xcconfig"; sourceTree = "<group>"; };
/* End PBXFileReference section */

/* Begin PBXFrameworksBuildPhase section */
		3EAC89B124D25A6A004F8851 /* Frameworks */ = {
			isa = PBXFrameworksBuildPhase;
			buildActionMask = 2147483647;
			files = (
				6BA7E1E53F02B4D6CD7977BB /* Pods_ARTvel.framework in Frameworks */,
			);
			runOnlyForDeploymentPostprocessing = 0;
		};
		3EAC89C724D25A6E004F8851 /* Frameworks */ = {
			isa = PBXFrameworksBuildPhase;
			buildActionMask = 2147483647;
			files = (
				AABC872A2B84D356BA709D91 /* Pods_ARTvelTests.framework in Frameworks */,
			);
			runOnlyForDeploymentPostprocessing = 0;
		};
/* End PBXFrameworksBuildPhase section */

/* Begin PBXGroup section */
		3E5FEB6A24D9133800C238E5 /* SupportingFiles */ = {
			isa = PBXGroup;
			children = (
				3EAC89B724D25A6A004F8851 /* AppDelegate.swift */,
				3EAC89B924D25A6A004F8851 /* SceneDelegate.swift */,
				3EAC89C024D25A6E004F8851 /* Assets.xcassets */,
				3EAC89C224D25A6E004F8851 /* LaunchScreen.storyboard */,
				3E48236A24F9A3DF00A6E466 /* DataSource.swift */,
			);
			path = SupportingFiles;
			sourceTree = "<group>";
		};
		3E5FEB6B24D9136000C238E5 /* NetworkServices */ = {
			isa = PBXGroup;
			children = (
				3E5FEBA224D9ED3F00C238E5 /* NetworkHelper.swift */,
				3E5FEBA424D9ED6400C238E5 /* AppError.swift */,
				3E5FEBA624DA00C800C238E5 /* RijksAPIClient.swift */,
				3E5FEBA824DA010700C238E5 /* TicketmasterAPIClient.swift */,
			);
			path = NetworkServices;
			sourceTree = "<group>";
		};
		3E5FEB6C24D9138500C238E5 /* Controllers */ = {
			isa = PBXGroup;
			children = (
				3EAC89BB24D25A6A004F8851 /* LoginViewController.swift */,
				3E5FEBBF24E8A79700C238E5 /* UserExperienceViewController.swift */,
				3E5FEBC124E8A7A700C238E5 /* MainTabBarController.swift */,
				3E7D4A8F24F5DF7700FA6513 /* SearchViewController.swift */,
				3E7D4A9124F5DFBB00FA6513 /* FavoritesViewController.swift */,
				3E7D4A6B24F4834100FA6513 /* SettingsViewController.swift */,
			);
			path = Controllers;
			sourceTree = "<group>";
		};
		3E5FEB6D24D9138B00C238E5 /* Views */ = {
			isa = PBXGroup;
			children = (
				3E5FEBBD24E8A30300C238E5 /* LoginView.swift */,
				3E5FEBC324E8A7C900C238E5 /* UserExperienceView.swift */,
				3E5FEBC524E8A7D400C238E5 /* MainTabBarView.swift */,
				3E7D4A9324F5E44B00FA6513 /* SearchView.swift */,
				3E48236C24F9A42300A6E466 /* RijksCell.swift */,
				3E6FB86724FC69B600B9B170 /* TicketMasterCell.swift */,
				3E7D4A9524F5E45B00FA6513 /* FavoritesView.swift */,
				3E7D4A9724F5E47400FA6513 /* SettingsView.swift */,
			);
			path = Views;
			sourceTree = "<group>";
		};
		3E5FEB6E24D9139E00C238E5 /* Models */ = {
			isa = PBXGroup;
			children = (
				3E5FEBB024DCC5AB00C238E5 /* ArtObject.swift */,
				3E5FEBB224DE0D8D00C238E5 /* Event.swift */,
				3E5FEBBB24E8A23600C238E5 /* User.swift */,
			);
			path = Models;
			sourceTree = "<group>";
		};
		3E5FEB6F24D913A500C238E5 /* Extensions */ = {
			isa = PBXGroup;
			children = (
				3E5FEBC724E8A9DB00C238E5 /* UIViewController+Navigation.swift */,
				3E5FEBC924E8AA3800C238E5 /* UIViewController+Alerts.swift */,
				3E5FEBCB24E8AA5E00C238E5 /* Date+Extensions.swift */,
			);
			path = Extensions;
			sourceTree = "<group>";
		};
		3E5FEBAD24DBA77800C238E5 /* Secrets */ = {
			isa = PBXGroup;
			children = (
				3E5FEBAE24DBA78E00C238E5 /* Secrets.swift */,
			);
			path = Secrets;
			sourceTree = "<group>";
		};
		3E5FEBB424E77C4500C238E5 /* FirebaseServices */ = {
			isa = PBXGroup;
			children = (
				3E5FEBB524E77C8000C238E5 /* AuthSession.swift */,
				3E5FEBB724E77CA700C238E5 /* DatabaseService.swift */,
				3E5FEBB924E77CBC00C238E5 /* StorageService.swift */,
			);
			path = FirebaseServices;
			sourceTree = "<group>";
		};
		3EAC89AB24D25A6A004F8851 = {
			isa = PBXGroup;
			children = (
				3EAC89B624D25A6A004F8851 /* ARTvel */,
				3EAC89CD24D25A6E004F8851 /* ARTvelTests */,
				3EAC89B524D25A6A004F8851 /* Products */,
				BAAB2A3270630AF124A368B7 /* Pods */,
				EA4D82FF4897B0C8FE68754E /* Frameworks */,
			);
			sourceTree = "<group>";
		};
		3EAC89B524D25A6A004F8851 /* Products */ = {
			isa = PBXGroup;
			children = (
				3EAC89B424D25A6A004F8851 /* ARTvel.app */,
				3EAC89CA24D25A6E004F8851 /* ARTvelTests.xctest */,
			);
			name = Products;
			sourceTree = "<group>";
		};
		3EAC89B624D25A6A004F8851 /* ARTvel */ = {
			isa = PBXGroup;
			children = (
				3E5FEBB424E77C4500C238E5 /* FirebaseServices */,
				3E5FEBAD24DBA77800C238E5 /* Secrets */,
				3E5FEB6F24D913A500C238E5 /* Extensions */,
				3E5FEB6E24D9139E00C238E5 /* Models */,
				3E5FEB6D24D9138B00C238E5 /* Views */,
				3E5FEB6C24D9138500C238E5 /* Controllers */,
				3E5FEB6B24D9136000C238E5 /* NetworkServices */,
				3E5FEB6A24D9133800C238E5 /* SupportingFiles */,
				3EAC89C524D25A6E004F8851 /* Info.plist */,
				3EAC89D924D396D4004F8851 /* GoogleService-Info.plist */,
			);
			path = ARTvel;
			sourceTree = "<group>";
		};
		3EAC89CD24D25A6E004F8851 /* ARTvelTests */ = {
			isa = PBXGroup;
			children = (
				3EAC89CE24D25A6E004F8851 /* ARTvelTests.swift */,
				3EAC89D024D25A6E004F8851 /* Info.plist */,
			);
			path = ARTvelTests;
			sourceTree = "<group>";
		};
		BAAB2A3270630AF124A368B7 /* Pods */ = {
			isa = PBXGroup;
			children = (
				C74300E1E8C21ED31DBEE58E /* Pods-ARTvel.debug.xcconfig */,
				992AC40AEA0C2FE2D52EA19A /* Pods-ARTvel.release.xcconfig */,
				030A3D03591BD013C3496F41 /* Pods-ARTvelTests.debug.xcconfig */,
				81799FAC350360BE8D517FC0 /* Pods-ARTvelTests.release.xcconfig */,
			);
			path = Pods;
			sourceTree = "<group>";
		};
		EA4D82FF4897B0C8FE68754E /* Frameworks */ = {
			isa = PBXGroup;
			children = (
				58A712C114DE23D499EC4094 /* Pods_ARTvel.framework */,
				214DB67DFE01C555CABC8281 /* Pods_ARTvelTests.framework */,
			);
			name = Frameworks;
			sourceTree = "<group>";
		};
/* End PBXGroup section */

/* Begin PBXNativeTarget section */
		3EAC89B324D25A6A004F8851 /* ARTvel */ = {
			isa = PBXNativeTarget;
			buildConfigurationList = 3EAC89D324D25A6E004F8851 /* Build configuration list for PBXNativeTarget "ARTvel" */;
			buildPhases = (
				D51E6494C242F79C3584728F /* [CP] Check Pods Manifest.lock */,
				3EAC89B024D25A6A004F8851 /* Sources */,
				3EAC89B124D25A6A004F8851 /* Frameworks */,
				3EAC89B224D25A6A004F8851 /* Resources */,
				EE43E744458AE6CD84C0F63E /* [CP] Embed Pods Frameworks */,
			);
			buildRules = (
			);
			dependencies = (
			);
			name = ARTvel;
			productName = ARTvel;
			productReference = 3EAC89B424D25A6A004F8851 /* ARTvel.app */;
			productType = "com.apple.product-type.application";
		};
		3EAC89C924D25A6E004F8851 /* ARTvelTests */ = {
			isa = PBXNativeTarget;
			buildConfigurationList = 3EAC89D624D25A6E004F8851 /* Build configuration list for PBXNativeTarget "ARTvelTests" */;
			buildPhases = (
				FD71E73CE39B97A46F6159D6 /* [CP] Check Pods Manifest.lock */,
				3EAC89C624D25A6E004F8851 /* Sources */,
				3EAC89C724D25A6E004F8851 /* Frameworks */,
				3EAC89C824D25A6E004F8851 /* Resources */,
			);
			buildRules = (
			);
			dependencies = (
				3EAC89CC24D25A6E004F8851 /* PBXTargetDependency */,
			);
			name = ARTvelTests;
			productName = ARTvelTests;
			productReference = 3EAC89CA24D25A6E004F8851 /* ARTvelTests.xctest */;
			productType = "com.apple.product-type.bundle.unit-test";
		};
/* End PBXNativeTarget section */

/* Begin PBXProject section */
		3EAC89AC24D25A6A004F8851 /* Project object */ = {
			isa = PBXProject;
			attributes = {
				LastSwiftUpdateCheck = 1160;
				LastUpgradeCheck = 1160;
				ORGANIZATIONNAME = "Juan Ceballos";
				TargetAttributes = {
					3EAC89B324D25A6A004F8851 = {
						CreatedOnToolsVersion = 11.6;
					};
					3EAC89C924D25A6E004F8851 = {
						CreatedOnToolsVersion = 11.6;
						TestTargetID = 3EAC89B324D25A6A004F8851;
					};
				};
			};
			buildConfigurationList = 3EAC89AF24D25A6A004F8851 /* Build configuration list for PBXProject "ARTvel" */;
			compatibilityVersion = "Xcode 9.3";
			developmentRegion = en;
			hasScannedForEncodings = 0;
			knownRegions = (
				en,
				Base,
			);
			mainGroup = 3EAC89AB24D25A6A004F8851;
			productRefGroup = 3EAC89B524D25A6A004F8851 /* Products */;
			projectDirPath = "";
			projectRoot = "";
			targets = (
				3EAC89B324D25A6A004F8851 /* ARTvel */,
				3EAC89C924D25A6E004F8851 /* ARTvelTests */,
			);
		};
/* End PBXProject section */

/* Begin PBXResourcesBuildPhase section */
		3EAC89B224D25A6A004F8851 /* Resources */ = {
			isa = PBXResourcesBuildPhase;
			buildActionMask = 2147483647;
			files = (
				3EAC89C424D25A6E004F8851 /* LaunchScreen.storyboard in Resources */,
				3EAC89C124D25A6E004F8851 /* Assets.xcassets in Resources */,
				3EAC89DA24D396D4004F8851 /* GoogleService-Info.plist in Resources */,
			);
			runOnlyForDeploymentPostprocessing = 0;
		};
		3EAC89C824D25A6E004F8851 /* Resources */ = {
			isa = PBXResourcesBuildPhase;
			buildActionMask = 2147483647;
			files = (
			);
			runOnlyForDeploymentPostprocessing = 0;
		};
/* End PBXResourcesBuildPhase section */

/* Begin PBXShellScriptBuildPhase section */
		D51E6494C242F79C3584728F /* [CP] Check Pods Manifest.lock */ = {
			isa = PBXShellScriptBuildPhase;
			buildActionMask = 2147483647;
			files = (
			);
			inputFileListPaths = (
			);
			inputPaths = (
				"${PODS_PODFILE_DIR_PATH}/Podfile.lock",
				"${PODS_ROOT}/Manifest.lock",
			);
			name = "[CP] Check Pods Manifest.lock";
			outputFileListPaths = (
			);
			outputPaths = (
				"$(DERIVED_FILE_DIR)/Pods-ARTvel-checkManifestLockResult.txt",
			);
			runOnlyForDeploymentPostprocessing = 0;
			shellPath = /bin/sh;
			shellScript = "diff \"${PODS_PODFILE_DIR_PATH}/Podfile.lock\" \"${PODS_ROOT}/Manifest.lock\" > /dev/null\nif [ $? != 0 ] ; then\n    # print error to STDERR\n    echo \"error: The sandbox is not in sync with the Podfile.lock. Run 'pod install' or update your CocoaPods installation.\" >&2\n    exit 1\nfi\n# This output is used by Xcode 'outputs' to avoid re-running this script phase.\necho \"SUCCESS\" > \"${SCRIPT_OUTPUT_FILE_0}\"\n";
			showEnvVarsInLog = 0;
		};
		EE43E744458AE6CD84C0F63E /* [CP] Embed Pods Frameworks */ = {
			isa = PBXShellScriptBuildPhase;
			buildActionMask = 2147483647;
			files = (
			);
			inputFileListPaths = (
				"${PODS_ROOT}/Target Support Files/Pods-ARTvel/Pods-ARTvel-frameworks-${CONFIGURATION}-input-files.xcfilelist",
			);
			name = "[CP] Embed Pods Frameworks";
			outputFileListPaths = (
				"${PODS_ROOT}/Target Support Files/Pods-ARTvel/Pods-ARTvel-frameworks-${CONFIGURATION}-output-files.xcfilelist",
			);
			runOnlyForDeploymentPostprocessing = 0;
			shellPath = /bin/sh;
			shellScript = "\"${PODS_ROOT}/Target Support Files/Pods-ARTvel/Pods-ARTvel-frameworks.sh\"\n";
			showEnvVarsInLog = 0;
		};
		FD71E73CE39B97A46F6159D6 /* [CP] Check Pods Manifest.lock */ = {
			isa = PBXShellScriptBuildPhase;
			buildActionMask = 2147483647;
			files = (
			);
			inputFileListPaths = (
			);
			inputPaths = (
				"${PODS_PODFILE_DIR_PATH}/Podfile.lock",
				"${PODS_ROOT}/Manifest.lock",
			);
			name = "[CP] Check Pods Manifest.lock";
			outputFileListPaths = (
			);
			outputPaths = (
				"$(DERIVED_FILE_DIR)/Pods-ARTvelTests-checkManifestLockResult.txt",
			);
			runOnlyForDeploymentPostprocessing = 0;
			shellPath = /bin/sh;
			shellScript = "diff \"${PODS_PODFILE_DIR_PATH}/Podfile.lock\" \"${PODS_ROOT}/Manifest.lock\" > /dev/null\nif [ $? != 0 ] ; then\n    # print error to STDERR\n    echo \"error: The sandbox is not in sync with the Podfile.lock. Run 'pod install' or update your CocoaPods installation.\" >&2\n    exit 1\nfi\n# This output is used by Xcode 'outputs' to avoid re-running this script phase.\necho \"SUCCESS\" > \"${SCRIPT_OUTPUT_FILE_0}\"\n";
			showEnvVarsInLog = 0;
		};
/* End PBXShellScriptBuildPhase section */

/* Begin PBXSourcesBuildPhase section */
		3EAC89B024D25A6A004F8851 /* Sources */ = {
			isa = PBXSourcesBuildPhase;
			buildActionMask = 2147483647;
			files = (
				3E7D4A9224F5DFBB00FA6513 /* FavoritesViewController.swift in Sources */,
				3E48236D24F9A42300A6E466 /* RijksCell.swift in Sources */,
				3E5FEBA324D9ED4000C238E5 /* NetworkHelper.swift in Sources */,
				3E5FEBCC24E8AA5E00C238E5 /* Date+Extensions.swift in Sources */,
				3E5FEBAF24DBA78E00C238E5 /* Secrets.swift in Sources */,
				3E7D4A9624F5E45B00FA6513 /* FavoritesView.swift in Sources */,
				3EAC89BC24D25A6A004F8851 /* LoginViewController.swift in Sources */,
				3E6FB86824FC69B600B9B170 /* TicketMasterCell.swift in Sources */,
				3E5FEBC624E8A7D400C238E5 /* MainTabBarView.swift in Sources */,
				3E5FEBBE24E8A30300C238E5 /* LoginView.swift in Sources */,
				3E5FEBA524D9ED6400C238E5 /* AppError.swift in Sources */,
				3E5FEBB324DE0D8D00C238E5 /* Event.swift in Sources */,
				3E5FEBB624E77C8100C238E5 /* AuthSession.swift in Sources */,
				3E5FEBBC24E8A23600C238E5 /* User.swift in Sources */,
				3E5FEBB824E77CA800C238E5 /* DatabaseService.swift in Sources */,
				3E5FEBBA24E77CBC00C238E5 /* StorageService.swift in Sources */,
				3E5FEBB124DCC5AB00C238E5 /* ArtObject.swift in Sources */,
				3EAC89B824D25A6A004F8851 /* AppDelegate.swift in Sources */,
				3E5FEBA924DA010700C238E5 /* TicketmasterAPIClient.swift in Sources */,
				3E7D4A9024F5DF7700FA6513 /* SearchViewController.swift in Sources */,
				3E7D4A9824F5E47400FA6513 /* SettingsView.swift in Sources */,
				3E5FEBC424E8A7C900C238E5 /* UserExperienceView.swift in Sources */,
				3E7D4A9424F5E44B00FA6513 /* SearchView.swift in Sources */,
				3EAC89BA24D25A6A004F8851 /* SceneDelegate.swift in Sources */,
				3E5FEBC824E8A9DB00C238E5 /* UIViewController+Navigation.swift in Sources */,
				3E5FEBA724DA00C800C238E5 /* RijksAPIClient.swift in Sources */,
				3E5FEBC024E8A79700C238E5 /* UserExperienceViewController.swift in Sources */,
				3E48236B24F9A3E000A6E466 /* DataSource.swift in Sources */,
				3E5FEBCA24E8AA3800C238E5 /* UIViewController+Alerts.swift in Sources */,
				3E5FEBC224E8A7A700C238E5 /* MainTabBarController.swift in Sources */,
				3E7D4A6C24F4834100FA6513 /* SettingsViewController.swift in Sources */,
			);
			runOnlyForDeploymentPostprocessing = 0;
		};
		3EAC89C624D25A6E004F8851 /* Sources */ = {
			isa = PBXSourcesBuildPhase;
			buildActionMask = 2147483647;
			files = (
				3EAC89CF24D25A6E004F8851 /* ARTvelTests.swift in Sources */,
			);
			runOnlyForDeploymentPostprocessing = 0;
		};
/* End PBXSourcesBuildPhase section */

/* Begin PBXTargetDependency section */
		3EAC89CC24D25A6E004F8851 /* PBXTargetDependency */ = {
			isa = PBXTargetDependency;
			target = 3EAC89B324D25A6A004F8851 /* ARTvel */;
			targetProxy = 3EAC89CB24D25A6E004F8851 /* PBXContainerItemProxy */;
		};
/* End PBXTargetDependency section */

/* Begin PBXVariantGroup section */
		3EAC89C224D25A6E004F8851 /* LaunchScreen.storyboard */ = {
			isa = PBXVariantGroup;
			children = (
				3EAC89C324D25A6E004F8851 /* Base */,
			);
			name = LaunchScreen.storyboard;
			sourceTree = "<group>";
		};
/* End PBXVariantGroup section */

/* Begin XCBuildConfiguration section */
		3EAC89D124D25A6E004F8851 /* Debug */ = {
			isa = XCBuildConfiguration;
			buildSettings = {
				ALWAYS_SEARCH_USER_PATHS = NO;
				CLANG_ANALYZER_NONNULL = YES;
				CLANG_ANALYZER_NUMBER_OBJECT_CONVERSION = YES_AGGRESSIVE;
				CLANG_CXX_LANGUAGE_STANDARD = "gnu++14";
				CLANG_CXX_LIBRARY = "libc++";
				CLANG_ENABLE_MODULES = YES;
				CLANG_ENABLE_OBJC_ARC = YES;
				CLANG_ENABLE_OBJC_WEAK = YES;
				CLANG_WARN_BLOCK_CAPTURE_AUTORELEASING = YES;
				CLANG_WARN_BOOL_CONVERSION = YES;
				CLANG_WARN_COMMA = YES;
				CLANG_WARN_CONSTANT_CONVERSION = YES;
				CLANG_WARN_DEPRECATED_OBJC_IMPLEMENTATIONS = YES;
				CLANG_WARN_DIRECT_OBJC_ISA_USAGE = YES_ERROR;
				CLANG_WARN_DOCUMENTATION_COMMENTS = YES;
				CLANG_WARN_EMPTY_BODY = YES;
				CLANG_WARN_ENUM_CONVERSION = YES;
				CLANG_WARN_INFINITE_RECURSION = YES;
				CLANG_WARN_INT_CONVERSION = YES;
				CLANG_WARN_NON_LITERAL_NULL_CONVERSION = YES;
				CLANG_WARN_OBJC_IMPLICIT_RETAIN_SELF = YES;
				CLANG_WARN_OBJC_LITERAL_CONVERSION = YES;
				CLANG_WARN_OBJC_ROOT_CLASS = YES_ERROR;
				CLANG_WARN_RANGE_LOOP_ANALYSIS = YES;
				CLANG_WARN_STRICT_PROTOTYPES = YES;
				CLANG_WARN_SUSPICIOUS_MOVE = YES;
				CLANG_WARN_UNGUARDED_AVAILABILITY = YES_AGGRESSIVE;
				CLANG_WARN_UNREACHABLE_CODE = YES;
				CLANG_WARN__DUPLICATE_METHOD_MATCH = YES;
				COPY_PHASE_STRIP = NO;
				DEBUG_INFORMATION_FORMAT = dwarf;
				ENABLE_STRICT_OBJC_MSGSEND = YES;
				ENABLE_TESTABILITY = YES;
				GCC_C_LANGUAGE_STANDARD = gnu11;
				GCC_DYNAMIC_NO_PIC = NO;
				GCC_NO_COMMON_BLOCKS = YES;
				GCC_OPTIMIZATION_LEVEL = 0;
				GCC_PREPROCESSOR_DEFINITIONS = (
					"DEBUG=1",
					"$(inherited)",
				);
				GCC_WARN_64_TO_32_BIT_CONVERSION = YES;
				GCC_WARN_ABOUT_RETURN_TYPE = YES_ERROR;
				GCC_WARN_UNDECLARED_SELECTOR = YES;
				GCC_WARN_UNINITIALIZED_AUTOS = YES_AGGRESSIVE;
				GCC_WARN_UNUSED_FUNCTION = YES;
				GCC_WARN_UNUSED_VARIABLE = YES;
				IPHONEOS_DEPLOYMENT_TARGET = 13.6;
				MTL_ENABLE_DEBUG_INFO = INCLUDE_SOURCE;
				MTL_FAST_MATH = YES;
				ONLY_ACTIVE_ARCH = YES;
				SDKROOT = iphoneos;
				SWIFT_ACTIVE_COMPILATION_CONDITIONS = DEBUG;
				SWIFT_OPTIMIZATION_LEVEL = "-Onone";
			};
			name = Debug;
		};
		3EAC89D224D25A6E004F8851 /* Release */ = {
			isa = XCBuildConfiguration;
			buildSettings = {
				ALWAYS_SEARCH_USER_PATHS = NO;
				CLANG_ANALYZER_NONNULL = YES;
				CLANG_ANALYZER_NUMBER_OBJECT_CONVERSION = YES_AGGRESSIVE;
				CLANG_CXX_LANGUAGE_STANDARD = "gnu++14";
				CLANG_CXX_LIBRARY = "libc++";
				CLANG_ENABLE_MODULES = YES;
				CLANG_ENABLE_OBJC_ARC = YES;
				CLANG_ENABLE_OBJC_WEAK = YES;
				CLANG_WARN_BLOCK_CAPTURE_AUTORELEASING = YES;
				CLANG_WARN_BOOL_CONVERSION = YES;
				CLANG_WARN_COMMA = YES;
				CLANG_WARN_CONSTANT_CONVERSION = YES;
				CLANG_WARN_DEPRECATED_OBJC_IMPLEMENTATIONS = YES;
				CLANG_WARN_DIRECT_OBJC_ISA_USAGE = YES_ERROR;
				CLANG_WARN_DOCUMENTATION_COMMENTS = YES;
				CLANG_WARN_EMPTY_BODY = YES;
				CLANG_WARN_ENUM_CONVERSION = YES;
				CLANG_WARN_INFINITE_RECURSION = YES;
				CLANG_WARN_INT_CONVERSION = YES;
				CLANG_WARN_NON_LITERAL_NULL_CONVERSION = YES;
				CLANG_WARN_OBJC_IMPLICIT_RETAIN_SELF = YES;
				CLANG_WARN_OBJC_LITERAL_CONVERSION = YES;
				CLANG_WARN_OBJC_ROOT_CLASS = YES_ERROR;
				CLANG_WARN_RANGE_LOOP_ANALYSIS = YES;
				CLANG_WARN_STRICT_PROTOTYPES = YES;
				CLANG_WARN_SUSPICIOUS_MOVE = YES;
				CLANG_WARN_UNGUARDED_AVAILABILITY = YES_AGGRESSIVE;
				CLANG_WARN_UNREACHABLE_CODE = YES;
				CLANG_WARN__DUPLICATE_METHOD_MATCH = YES;
				COPY_PHASE_STRIP = NO;
				DEBUG_INFORMATION_FORMAT = "dwarf-with-dsym";
				ENABLE_NS_ASSERTIONS = NO;
				ENABLE_STRICT_OBJC_MSGSEND = YES;
				GCC_C_LANGUAGE_STANDARD = gnu11;
				GCC_NO_COMMON_BLOCKS = YES;
				GCC_WARN_64_TO_32_BIT_CONVERSION = YES;
				GCC_WARN_ABOUT_RETURN_TYPE = YES_ERROR;
				GCC_WARN_UNDECLARED_SELECTOR = YES;
				GCC_WARN_UNINITIALIZED_AUTOS = YES_AGGRESSIVE;
				GCC_WARN_UNUSED_FUNCTION = YES;
				GCC_WARN_UNUSED_VARIABLE = YES;
				IPHONEOS_DEPLOYMENT_TARGET = 13.6;
				MTL_ENABLE_DEBUG_INFO = NO;
				MTL_FAST_MATH = YES;
				SDKROOT = iphoneos;
				SWIFT_COMPILATION_MODE = wholemodule;
				SWIFT_OPTIMIZATION_LEVEL = "-O";
				VALIDATE_PRODUCT = YES;
			};
			name = Release;
		};
		3EAC89D424D25A6E004F8851 /* Debug */ = {
			isa = XCBuildConfiguration;
			baseConfigurationReference = C74300E1E8C21ED31DBEE58E /* Pods-ARTvel.debug.xcconfig */;
			buildSettings = {
				ASSETCATALOG_COMPILER_APPICON_NAME = AppIcon;
				CODE_SIGN_STYLE = Automatic;
				DEVELOPMENT_TEAM = 6UA5RNM528;
				INFOPLIST_FILE = ARTvel/Info.plist;
				LD_RUNPATH_SEARCH_PATHS = (
					"$(inherited)",
					"@executable_path/Frameworks",
				);
				PRODUCT_BUNDLE_IDENTIFIER = org.pursuit.ARTvel;
				PRODUCT_NAME = "$(TARGET_NAME)";
				SWIFT_VERSION = 5.0;
				TARGETED_DEVICE_FAMILY = "1,2";
			};
			name = Debug;
		};
		3EAC89D524D25A6E004F8851 /* Release */ = {
			isa = XCBuildConfiguration;
			baseConfigurationReference = 992AC40AEA0C2FE2D52EA19A /* Pods-ARTvel.release.xcconfig */;
			buildSettings = {
				ASSETCATALOG_COMPILER_APPICON_NAME = AppIcon;
				CODE_SIGN_STYLE = Automatic;
				DEVELOPMENT_TEAM = 6UA5RNM528;
				INFOPLIST_FILE = ARTvel/Info.plist;
				LD_RUNPATH_SEARCH_PATHS = (
					"$(inherited)",
					"@executable_path/Frameworks",
				);
				PRODUCT_BUNDLE_IDENTIFIER = org.pursuit.ARTvel;
				PRODUCT_NAME = "$(TARGET_NAME)";
				SWIFT_VERSION = 5.0;
				TARGETED_DEVICE_FAMILY = "1,2";
			};
			name = Release;
		};
		3EAC89D724D25A6E004F8851 /* Debug */ = {
			isa = XCBuildConfiguration;
			baseConfigurationReference = 030A3D03591BD013C3496F41 /* Pods-ARTvelTests.debug.xcconfig */;
			buildSettings = {
				ALWAYS_EMBED_SWIFT_STANDARD_LIBRARIES = YES;
				BUNDLE_LOADER = "$(TEST_HOST)";
				CODE_SIGN_STYLE = Automatic;
				DEVELOPMENT_TEAM = 6UA5RNM528;
				INFOPLIST_FILE = ARTvelTests/Info.plist;
				IPHONEOS_DEPLOYMENT_TARGET = 13.6;
				LD_RUNPATH_SEARCH_PATHS = (
					"$(inherited)",
					"@executable_path/Frameworks",
					"@loader_path/Frameworks",
				);
				PRODUCT_BUNDLE_IDENTIFIER = org.pursuit.ARTvelTests;
				PRODUCT_NAME = "$(TARGET_NAME)";
				SWIFT_VERSION = 5.0;
				TARGETED_DEVICE_FAMILY = "1,2";
				TEST_HOST = "$(BUILT_PRODUCTS_DIR)/ARTvel.app/ARTvel";
			};
			name = Debug;
		};
		3EAC89D824D25A6E004F8851 /* Release */ = {
			isa = XCBuildConfiguration;
			baseConfigurationReference = 81799FAC350360BE8D517FC0 /* Pods-ARTvelTests.release.xcconfig */;
			buildSettings = {
				ALWAYS_EMBED_SWIFT_STANDARD_LIBRARIES = YES;
				BUNDLE_LOADER = "$(TEST_HOST)";
				CODE_SIGN_STYLE = Automatic;
				DEVELOPMENT_TEAM = 6UA5RNM528;
				INFOPLIST_FILE = ARTvelTests/Info.plist;
				IPHONEOS_DEPLOYMENT_TARGET = 13.6;
				LD_RUNPATH_SEARCH_PATHS = (
					"$(inherited)",
					"@executable_path/Frameworks",
					"@loader_path/Frameworks",
				);
				PRODUCT_BUNDLE_IDENTIFIER = org.pursuit.ARTvelTests;
				PRODUCT_NAME = "$(TARGET_NAME)";
				SWIFT_VERSION = 5.0;
				TARGETED_DEVICE_FAMILY = "1,2";
				TEST_HOST = "$(BUILT_PRODUCTS_DIR)/ARTvel.app/ARTvel";
			};
			name = Release;
		};
/* End XCBuildConfiguration section */

/* Begin XCConfigurationList section */
		3EAC89AF24D25A6A004F8851 /* Build configuration list for PBXProject "ARTvel" */ = {
			isa = XCConfigurationList;
			buildConfigurations = (
				3EAC89D124D25A6E004F8851 /* Debug */,
				3EAC89D224D25A6E004F8851 /* Release */,
			);
			defaultConfigurationIsVisible = 0;
			defaultConfigurationName = Release;
		};
		3EAC89D324D25A6E004F8851 /* Build configuration list for PBXNativeTarget "ARTvel" */ = {
			isa = XCConfigurationList;
			buildConfigurations = (
				3EAC89D424D25A6E004F8851 /* Debug */,
				3EAC89D524D25A6E004F8851 /* Release */,
			);
			defaultConfigurationIsVisible = 0;
			defaultConfigurationName = Release;
		};
		3EAC89D624D25A6E004F8851 /* Build configuration list for PBXNativeTarget "ARTvelTests" */ = {
			isa = XCConfigurationList;
			buildConfigurations = (
				3EAC89D724D25A6E004F8851 /* Debug */,
				3EAC89D824D25A6E004F8851 /* Release */,
			);
			defaultConfigurationIsVisible = 0;
			defaultConfigurationName = Release;
		};
/* End XCConfigurationList section */
	};
	rootObject = 3EAC89AC24D25A6A004F8851 /* Project object */;
}
